{
  "name": "opencli-plugin-harmony-publish",
  "version": "0.6.0",
  "lockfileVersion": 3,
  "requires": true,
  "packages": {
    "": {
      "name": "opencli-plugin-harmony-publish",
      "version": "0.6.0",
      "peerDependencies": {
        "@jackwener/opencli": ">=1.8.6"
      }
    },
    "../../../../../../../.nvm/versions/node/v24.6.0/lib/node_modules/@jackwener/opencli": {
      "version": "1.8.6",
      "hasInstallScript": true,
      "license": "Apache-2.0",
      "peer": true,
      "dependencies": {
        "@mozilla/readability": "^0.6.0",
        "cli-table3": "^0.6.5",
        "commander": "^14.0.3",
        "js-yaml": "^4.1.0",
        "turndown": "^7.2.2",
        "turndown-plugin-gfm": "^1.0.2",
        "undici": "^6.27.0",
        "ws": "^8.18.0"
      },
      "bin": {
        "opencli": "dist/src/main.js"
      },
      "devDependencies": {
        "@types/js-yaml": "^4.0.9",
        "@types/jsdom": "^27.0.0",
        "@types/node": "^25.5.2",
        "@types/turndown": "^5.0.6",
        "@types/ws": "^8.5.13",
        "jsdom": "^29.0.2",
        "tsx": "^4.19.3",
        "typescript": "^6.0.2",
        "vitepress": "^1.6.4",
        "vitest": "^4.1.0"
      },
      "engines": {
        "node": ">=20.0.0"
      }
    },
    "../../../../../../../.nvm/versions/node/v24.6.0/lib/node_modules/@jackwener/opencli/node_modules/@mixmark-io/domino": {
      "version": "2.2.0",
      "license": "BSD-2-Clause",
      "peer": true
    },
    "../../../../../../../.nvm/versions/node/v24.6.0/lib/node_modules/@jackwener/opencli/node_modules/@mozilla/readability": {
      "version": "0.6.0",
      "license": "Apache-2.0",
      "peer": true,
      "engines": {
        "node": ">=14.0.0"
      }
    },
    "../../../../../../../.nvm/versions/node/v24.6.0/lib/node_modules/@jackwener/opencli/node_modules/ansi-regex": {
      "version": "5.0.1",
      "license": "MIT",
      "peer": true,
      "engines": {
        "node": ">=8"
      }
    },
    "../../../../../../../.nvm/versions/node/v24.6.0/lib/node_modules/@jackwener/opencli/node_modules/argparse": {
      "version": "2.0.1",
      "license": "Python-2.0",
      "peer": true
    },
    "../../../../../../../.nvm/versions/node/v24.6.0/lib/node_modules/@jackwener/opencli/node_modules/cli-table3": {
      "version": "0.6.5",
      "license": "MIT",
      "peer": true,
      "dependencies": {
        "string-width": "^4.2.0"
      },
      "engines": {
        "node": "10.* || >= 12.*"
      },
      "optionalDependencies": {
        "@colors/colors": "1.5.0"
      }
    },
    "../../../../../../../.nvm/versions/node/v24.6.0/lib/node_modules/@jackwener/opencli/node_modules/commander": {
      "version": "14.0.3",
      "license": "MIT",
      "peer": true,
      "engines": {
        "node": ">=20"
      }
    },
    "../../../../../../../.nvm/versions/node/v24.6.0/lib/node_modules/@jackwener/opencli/node_modules/emoji-regex": {
      "version": "8.0.0",
      "license": "MIT",
      "peer": true
    },
    "../../../../../../../.nvm/versions/node/v24.6.0/lib/node_modules/@jackwener/opencli/node_modules/is-fullwidth-code-point": {
      "version": "3.0.0",
      "license": "MIT",
      "peer": true,
      "engines": {
        "node": ">=8"
      }
    },
    "../../../../../../../.nvm/versions/node/v24.6.0/lib/node_modules/@jackwener/opencli/node_modules/js-yaml": {
      "version": "4.3.0",
      "funding": [
        {
          "type": "github",
          "url": "https://github.com/sponsors/puzrin"
        },
        {
          "type": "github",
          "url": "https://github.com/sponsors/nodeca"
        }
      ],
      "license": "MIT",
      "peer": true,
      "dependencies": {
        "argparse": "^2.0.1"
      },
      "bin": {
        "js-yaml": "bin/js-yaml.js"
      }
    },
    "../../../../../../../.nvm/versions/node/v24.6.0/lib/node_modules/@jackwener/opencli/node_modules/string-width": {
      "version": "4.2.3",
      "license": "MIT",
      "peer": true,
      "dependencies": {
        "emoji-regex": "^8.0.0",
        "is-fullwidth-code-point": "^3.0.0",
        "strip-ansi": "^6.0.1"
      },
      "engines": {
        "node": ">=8"
      }
    },
    "../../../../../../../.nvm/versions/node/v24.6.0/lib/node_modules/@jackwener/opencli/node_modules/strip-ansi": {
      "version": "6.0.1",
      "license": "MIT",
      "peer": true,
      "dependencies": {
        "ansi-regex": "^5.0.1"
      },
      "engines": {
        "node": ">=8"
      }
    },
    "../../../../../../../.nvm/versions/node/v24.6.0/lib/node_modules/@jackwener/opencli/node_modules/turndown": {
      "version": "7.2.4",
      "license": "MIT",
      "peer": true,
      "dependencies": {
        "@mixmark-io/domino": "^2.2.0"
      },
      "engines": {
        "node": ">=18",
        "npm": ">=9"
      }
    },
    "../../../../../../../.nvm/versions/node/v24.6.0/lib/node_modules/@jackwener/opencli/node_modules/turndown-plugin-gfm": {
      "version": "1.0.2",
      "license": "MIT",
      "peer": true
    },
    "../../../../../../../.nvm/versions/node/v24.6.0/lib/node_modules/@jackwener/opencli/node_modules/undici": {
      "version": "6.27.0",
      "license": "MIT",
      "peer": true,
      "engines": {
        "node": ">=18.17"
      }
    },
    "../../../../../../../.nvm/versions/node/v24.6.0/lib/node_modules/@jackwener/opencli/node_modules/ws": {
      "version": "8.21.0",
      "license": "MIT",
      "peer": true,
      "engines": {
        "node": ">=10.0.0"
      },
      "peerDependencies": {
        "bufferutil": "^4.0.1",
        "utf-8-validate": ">=5.0.2"
      },
      "peerDependenciesMeta": {
        "bufferutil": {
          "optional": true
        },
        "utf-8-validate": {
          "optional": true
        }
      }
    },
    "node_modules/@jackwener/opencli": {
      "resolved": "../../../../../../../.nvm/versions/node/v24.6.0/lib/node_modules/@jackwener/opencli",
      "link": true
    }
  }
}
